
Microsoft Visual Studio Solution File, Format Version 12.00
# Visual Studio 15
Project("{FAE04EC0-301F-11D3-BF4B-00C04F79EFBC}") = "Invoice.Api", "Invoice.Api\Invoice.Api.csproj", "{046F5D90-2801-45E4-9B70-A78695FC91E6}"
EndProject
Project("{FAE04EC0-301F-11D3-BF4B-00C04F79EFBC}") = "Invoice.Core", "Invoice.Core\Invoice.Core.csproj", "{F140FD80-9F61-4091-9996-E355DD133B74}"
EndProject
Project("{FAE04EC0-301F-11D3-BF4B-00C04F79EFBC}") = "Invoice.Infrastructure", "Invoice.Infrastructure\Invoice.Infrastructure.csproj", "{0B732666-AFF3-48C3-BE8F-C63276619ED0}"
EndProject
Project("{2150E333-8FDC-42A3-9474-1A3956D46DE8}") = "Test", "Test", "{5A25FB7C-ECEA-497F-9455-174EA002EB61}"
EndProject
Project("{FAE04EC0-301F-11D3-BF4B-00C04F79EFBC}") = "Invoice.Common", "Invoice.Common\Invoice.Common.csproj", "{4E90B96C-5881-4B81-8E5E-AC4BB523525B}"
EndProject
Global
	GlobalSection(SolutionConfigurationPlatforms) = preSolution
		Debug|Any CPU = Debug|Any CPU
		Release|Any CPU = Release|Any CPU
	EndGlobalSection
	GlobalSection(ProjectConfigurationPlatforms) = postSolution
		{046F5D90-2801-45E4-9B70-A78695FC91E6}.Debug|Any CPU.ActiveCfg = Debug|Any CPU
		{046F5D90-2801-45E4-9B70-A78695FC91E6}.Debug|Any CPU.Build.0 = Debug|Any CPU
		{046F5D90-2801-45E4-9B70-A78695FC91E6}.Release|Any CPU.ActiveCfg = Release|Any CPU
		{046F5D90-2801-45E4-9B70-A78695FC91E6}.Release|Any CPU.Build.0 = Release|Any CPU
		{F140FD80-9F61-4091-9996-E355DD133B74}.Debug|Any CPU.ActiveCfg = Debug|Any CPU
		{F140FD80-9F61-4091-9996-E355DD133B74}.Debug|Any CPU.Build.0 = Debug|Any CPU
		{F140FD80-9F61-4091-9996-E355DD133B74}.Release|Any CPU.ActiveCfg = Release|Any CPU
		{F140FD80-9F61-4091-9996-E355DD133B74}.Release|Any CPU.Build.0 = Release|Any CPU
		{0B732666-AFF3-48C3-BE8F-C63276619ED0}.Debug|Any CPU.ActiveCfg = Debug|Any CPU
		{0B732666-AFF3-48C3-BE8F-C63276619ED0}.Debug|Any CPU.Build.0 = Debug|Any CPU
		{0B732666-AFF3-48C3-BE8F-C63276619ED0}.Release|Any CPU.ActiveCfg = Release|Any CPU
		{0B732666-AFF3-48C3-BE8F-C63276619ED0}.Release|Any CPU.Build.0 = Release|Any CPU
		{4E90B96C-5881-4B81-8E5E-AC4BB523525B}.Debug|Any CPU.ActiveCfg = Debug|Any CPU
		{4E90B96C-5881-4B81-8E5E-AC4BB523525B}.Debug|Any CPU.Build.0 = Debug|Any CPU
		{4E90B96C-5881-4B81-8E5E-AC4BB523525B}.Release|Any CPU.ActiveCfg = Release|Any CPU
		{4E90B96C-5881-4B81-8E5E-AC4BB523525B}.Release|Any CPU.Build.0 = Release|Any CPU
	EndGlobalSection
	GlobalSection(NestedProjects) = preSolution
	EndGlobalSection
EndGlobal
